
Microsoft Visual Studio Solution File, Format Version 12.00
# Visual Studio 14
VisualStudioVersion = 14.0.25420.1
MinimumVisualStudioVersion = 10.0.40219.1
Project("{FAE04EC0-301F-11D3-BF4B-00C04F79EFBC}") = "Teht01", "Teht01\Teht01.csproj", "{BE76025E-3543-47B9-90A6-AB4054EC9E02}"
EndProject
Project("{FAE04EC0-301F-11D3-BF4B-00C04F79EFBC}") = "Teht01b", "Teht01b\Teht01b.csproj", "{7EFCAB01-C951-4FD3-921F-DB31102DB035}"
EndProject
Project("{FAE04EC0-301F-11D3-BF4B-00C04F79EFBC}") = "Teht02", "Teht02\Teht02.csproj", "{A1689664-7F13-4415-8FF0-42819414F627}"
EndProject
Project("{FAE04EC0-301F-11D3-BF4B-00C04F79EFBC}") = "Teht03", "Teht03\Teht03.csproj", "{ED492B4D-80E4-4D6D-A4A7-FDCFD196F362}"
EndProject
Project("{FAE04EC0-301F-11D3-BF4B-00C04F79EFBC}") = "Teht04", "Teht04\Teht04.csproj", "{01F32110-45BF-45E3-8437-6E6F7271E32D}"
EndProject
Project("{FAE04EC0-301F-11D3-BF4B-00C04F79EFBC}") = "Teht05", "Teht05\Teht05.csproj", "{67CBF66C-E944-4B90-BB03-7896315293A9}"
EndProject
Project("{FAE04EC0-301F-11D3-BF4B-00C04F79EFBC}") = "Teht06", "Teht06\Teht06.csproj", "{F5267491-9A62-44B5-99CD-C4EAA9919AED}"
EndProject
Project("{FAE04EC0-301F-11D3-BF4B-00C04F79EFBC}") = "Teht07", "Teht07\Teht07.csproj", "{F6EA04E1-2E44-4069-BF4A-58A060E57189}"
EndProject
Project("{FAE04EC0-301F-11D3-BF4B-00C04F79EFBC}") = "Teht08", "Teht08\Teht08.csproj", "{FE2D1A3A-EFC0-4E45-97AB-5F543FF6C3AA}"
EndProject
Project("{FAE04EC0-301F-11D3-BF4B-00C04F79EFBC}") = "Teht09", "Teht09\Teht09.csproj", "{F8A1EA28-3655-4DE2-8C7F-1BDC5DFB858D}"
EndProject
Global
	GlobalSection(SolutionConfigurationPlatforms) = preSolution
		Debug|Any CPU = Debug|Any CPU
		Release|Any CPU = Release|Any CPU
	EndGlobalSection
	GlobalSection(ProjectConfigurationPlatforms) = postSolution
		{BE76025E-3543-47B9-90A6-AB4054EC9E02}.Debug|Any CPU.ActiveCfg = Debug|Any CPU
		{BE76025E-3543-47B9-90A6-AB4054EC9E02}.Debug|Any CPU.Build.0 = Debug|Any CPU
		{BE76025E-3543-47B9-90A6-AB4054EC9E02}.Release|Any CPU.ActiveCfg = Release|Any CPU
		{BE76025E-3543-47B9-90A6-AB4054EC9E02}.Release|Any CPU.Build.0 = Release|Any CPU
		{7EFCAB01-C951-4FD3-921F-DB31102DB035}.Debug|Any CPU.ActiveCfg = Debug|Any CPU
		{7EFCAB01-C951-4FD3-921F-DB31102DB035}.Debug|Any CPU.Build.0 = Debug|Any CPU
		{7EFCAB01-C951-4FD3-921F-DB31102DB035}.Release|Any CPU.ActiveCfg = Release|Any CPU
		{7EFCAB01-C951-4FD3-921F-DB31102DB035}.Release|Any CPU.Build.0 = Release|Any CPU
		{A1689664-7F13-4415-8FF0-42819414F627}.Debug|Any CPU.ActiveCfg = Debug|Any CPU
		{A1689664-7F13-4415-8FF0-42819414F627}.Debug|Any CPU.Build.0 = Debug|Any CPU
		{A1689664-7F13-4415-8FF0-42819414F627}.Release|Any CPU.ActiveCfg = Release|Any CPU
		{A1689664-7F13-4415-8FF0-42819414F627}.Release|Any CPU.Build.0 = Release|Any CPU
		{ED492B4D-80E4-4D6D-A4A7-FDCFD196F362}.Debug|Any CPU.ActiveCfg = Debug|Any CPU
		{ED492B4D-80E4-4D6D-A4A7-FDCFD196F362}.Debug|Any CPU.Build.0 = Debug|Any CPU
		{ED492B4D-80E4-4D6D-A4A7-FDCFD196F362}.Release|Any CPU.ActiveCfg = Release|Any CPU
		{ED492B4D-80E4-4D6D-A4A7-FDCFD196F362}.Release|Any CPU.Build.0 = Release|Any CPU
		{01F32110-45BF-45E3-8437-6E6F7271E32D}.Debug|Any CPU.ActiveCfg = Debug|Any CPU
		{01F32110-45BF-45E3-8437-6E6F7271E32D}.Debug|Any CPU.Build.0 = Debug|Any CPU
		{01F32110-45BF-45E3-8437-6E6F7271E32D}.Release|Any CPU.ActiveCfg = Release|Any CPU
		{01F32110-45BF-45E3-8437-6E6F7271E32D}.Release|Any CPU.Build.0 = Release|Any CPU
		{67CBF66C-E944-4B90-BB03-7896315293A9}.Debug|Any CPU.ActiveCfg = Debug|Any CPU
		{67CBF66C-E944-4B90-BB03-7896315293A9}.Debug|Any CPU.Build.0 = Debug|Any CPU
		{67CBF66C-E944-4B90-BB03-7896315293A9}.Release|Any CPU.ActiveCfg = Release|Any CPU
		{67CBF66C-E944-4B90-BB03-7896315293A9}.Release|Any CPU.Build.0 = Release|Any CPU
		{F5267491-9A62-44B5-99CD-C4EAA9919AED}.Debug|Any CPU.ActiveCfg = Debug|Any CPU
		{F5267491-9A62-44B5-99CD-C4EAA9919AED}.Debug|Any CPU.Build.0 = Debug|Any CPU
		{F5267491-9A62-44B5-99CD-C4EAA9919AED}.Release|Any CPU.ActiveCfg = Release|Any CPU
		{F5267491-9A62-44B5-99CD-C4EAA9919AED}.Release|Any CPU.Build.0 = Release|Any CPU
		{F6EA04E1-2E44-4069-BF4A-58A060E57189}.Debug|Any CPU.ActiveCfg = Debug|Any CPU
		{F6EA04E1-2E44-4069-BF4A-58A060E57189}.Debug|Any CPU.Build.0 = Debug|Any CPU
		{F6EA04E1-2E44-4069-BF4A-58A060E57189}.Release|Any CPU.ActiveCfg = Release|Any CPU
		{F6EA04E1-2E44-4069-BF4A-58A060E57189}.Release|Any CPU.Build.0 = Release|Any CPU
		{FE2D1A3A-EFC0-4E45-97AB-5F543FF6C3AA}.Debug|Any CPU.ActiveCfg = Debug|Any CPU
		{FE2D1A3A-EFC0-4E45-97AB-5F543FF6C3AA}.Debug|Any CPU.Build.0 = Debug|Any CPU
		{FE2D1A3A-EFC0-4E45-97AB-5F543FF6C3AA}.Release|Any CPU.ActiveCfg = Release|Any CPU
		{FE2D1A3A-EFC0-4E45-97AB-5F543FF6C3AA}.Release|Any CPU.Build.0 = Release|Any CPU
		{F8A1EA28-3655-4DE2-8C7F-1BDC5DFB858D}.Debug|Any CPU.ActiveCfg = Debug|Any CPU
		{F8A1EA28-3655-4DE2-8C7F-1BDC5DFB858D}.Debug|Any CPU.Build.0 = Debug|Any CPU
		{F8A1EA28-3655-4DE2-8C7F-1BDC5DFB858D}.Release|Any CPU.ActiveCfg = Release|Any CPU
		{F8A1EA28-3655-4DE2-8C7F-1BDC5DFB858D}.Release|Any CPU.Build.0 = Release|Any CPU
	EndGlobalSection
	GlobalSection(SolutionProperties) = preSolution
		HideSolutionNode = FALSE
	EndGlobalSection
EndGlobal
